
Microsoft Visual Studio Solution File, Format Version 12.00
# Visual Studio Version 16
VisualStudioVersion = 16.0.30011.22
MinimumVisualStudioVersion = 10.0.40219.1
Project("{8BC9CEB8-8B4A-11D0-8D11-00A0C91BC942}") = "SimpleSearch", "SimpleSearch.vcxproj", "{57D8E752-0C5B-4DF8-9C18-082B21991072}"
EndProject
Global
	GlobalSection(SolutionConfigurationPlatforms) = preSolution
		Debug|x64 = Debug|x64
		Debug|x86 = Debug|x86
		Release|x64 = Release|x64
		Release|x86 = Release|x86
	EndGlobalSection
	GlobalSection(ProjectConfigurationPlatforms) = postSolution
		{57D8E752-0C5B-4DF8-9C18-082B21991072}.Debug|x64.ActiveCfg = Debug|x64
		{57D8E752-0C5B-4DF8-9C18-082B21991072}.Debug|x64.Build.0 = Debug|x64
		{57D8E752-0C5B-4DF8-9C18-082B21991072}.Debug|x86.ActiveCfg = Debug|Win32
		{57D8E752-0C5B-4DF8-9C18-082B21991072}.Debug|x86.Build.0 = Debug|Win32
		{57D8E752-0C5B-4DF8-9C18-082B21991072}.Release|x64.ActiveCfg = Release|x64
		{57D8E752-0C5B-4DF8-9C18-082B21991072}.Release|x64.Build.0 = Release|x64
		{57D8E752-0C5B-4DF8-9C18-082B21991072}.Release|x86.ActiveCfg = Release|Win32
		{57D8E752-0C5B-4DF8-9C18-082B21991072}.Release|x86.Build.0 = Release|Win32
	EndGlobalSection
	GlobalSection(SolutionProperties) = preSolution
		HideSolutionNode = FALSE
	EndGlobalSection
	GlobalSection(ExtensibilityGlobals) = postSolution
		SolutionGuid = {501BF38D-7C0E-4F33-BA6B-BC5E13E3C1F4}
	EndGlobalSection
EndGlobal
